
Microsoft Visual Studio Solution File, Format Version 12.00
# Visual Studio Version 16
VisualStudioVersion = 16.0.32901.82
MinimumVisualStudioVersion = 10.0.40219.1
Project("{8BC9CEB8-8B4A-11D0-8D11-00A0C91BC942}") = "2018 KAKAO BLIND [1차] 셔틀버스", "2018 KAKAO BLIND [1차] 셔틀버스\2018 KAKAO BLIND [1차] 셔틀버스.vcxproj", "{E974F4BD-86F8-451F-847E-B7BADF421379}"
EndProject
Global
	GlobalSection(SolutionConfigurationPlatforms) = preSolution
		Debug|x64 = Debug|x64
		Debug|x86 = Debug|x86
		Release|x64 = Release|x64
		Release|x86 = Release|x86
	EndGlobalSection
	GlobalSection(ProjectConfigurationPlatforms) = postSolution
		{E974F4BD-86F8-451F-847E-B7BADF421379}.Debug|x64.ActiveCfg = Debug|x64
		{E974F4BD-86F8-451F-847E-B7BADF421379}.Debug|x64.Build.0 = Debug|x64
		{E974F4BD-86F8-451F-847E-B7BADF421379}.Debug|x86.ActiveCfg = Debug|Win32
		{E974F4BD-86F8-451F-847E-B7BADF421379}.Debug|x86.Build.0 = Debug|Win32
		{E974F4BD-86F8-451F-847E-B7BADF421379}.Release|x64.ActiveCfg = Release|x64
		{E974F4BD-86F8-451F-847E-B7BADF421379}.Release|x64.Build.0 = Release|x64
		{E974F4BD-86F8-451F-847E-B7BADF421379}.Release|x86.ActiveCfg = Release|Win32
		{E974F4BD-86F8-451F-847E-B7BADF421379}.Release|x86.Build.0 = Release|Win32
	EndGlobalSection
	GlobalSection(SolutionProperties) = preSolution
		HideSolutionNode = FALSE
	EndGlobalSection
	GlobalSection(ExtensibilityGlobals) = postSolution
		SolutionGuid = {218C9095-CBCE-4119-A2FD-A2B0E1316C17}
	EndGlobalSection
EndGlobal
